
Microsoft Visual Studio Solution File, Format Version 12.00
# Visual Studio Version 17
VisualStudioVersion = 17.14.36202.13 d17.14
MinimumVisualStudioVersion = 10.0.40219.1
Project("{FAE04EC0-301F-11D3-BF4B-00C04F79EFBC}") = "flutterArbEditor", "flutterArbEditor\flutterArbEditor.csproj", "{69E7A39F-EE90-4DC1-9C63-3AD1F5C04703}"
EndProject
Global
	GlobalSection(SolutionConfigurationPlatforms) = preSolution
		Debug|Any CPU = Debug|Any CPU
		Release|Any CPU = Release|Any CPU
	EndGlobalSection
	GlobalSection(ProjectConfigurationPlatforms) = postSolution
		{69E7A39F-EE90-4DC1-9C63-3AD1F5C04703}.Debug|Any CPU.ActiveCfg = Debug|Any CPU
		{69E7A39F-EE90-4DC1-9C63-3AD1F5C04703}.Debug|Any CPU.Build.0 = Debug|Any CPU
		{69E7A39F-EE90-4DC1-9C63-3AD1F5C04703}.Release|Any CPU.ActiveCfg = Release|Any CPU
		{69E7A39F-EE90-4DC1-9C63-3AD1F5C04703}.Release|Any CPU.Build.0 = Release|Any CPU
	EndGlobalSection
	GlobalSection(SolutionProperties) = preSolution
		HideSolutionNode = FALSE
	EndGlobalSection
	GlobalSection(ExtensibilityGlobals) = postSolution
		SolutionGuid = {41DAFE15-0FA5-4002-9C0F-C3CC525E3868}
	EndGlobalSection
EndGlobal
